
Microsoft Visual Studio Solution File, Format Version 12.00
# Visual Studio Version 16
VisualStudioVersion = 16.0.30804.86
MinimumVisualStudioVersion = 10.0.40219.1
Project("{9A19103F-16F7-4668-BE54-9A1E7A4F7556}") = "KampIntro", "KampIntro\KampIntro.csproj", "{5BAD97E3-6A96-4AE9-A3DD-D922F9572E92}"
EndProject
Project("{9A19103F-16F7-4668-BE54-9A1E7A4F7556}") = "Donguler", "Donguler\Donguler.csproj", "{31D8DEEA-3A10-4D61-96C6-F49CDB2CEC8A}"
EndProject
Project("{9A19103F-16F7-4668-BE54-9A1E7A4F7556}") = "ClassIntro", "classIntro\ClassIntro.csproj", "{A0E1AE16-A23F-42FA-BD91-30A44A55EC1F}"
EndProject
Project("{9A19103F-16F7-4668-BE54-9A1E7A4F7556}") = "Metotlar", "Metotlar\Metotlar.csproj", "{778257E4-7643-4B5B-A613-E67584CC24B8}"
EndProject
Project("{9A19103F-16F7-4668-BE54-9A1E7A4F7556}") = "Matematik", "matematik\Matematik.csproj", "{415F5E3E-AA00-49BA-8BF1-CCF91FFFD55B}"
EndProject
Project("{9A19103F-16F7-4668-BE54-9A1E7A4F7556}") = "DegerVeReferansTipler", "DegerVeReferansTipler\DegerVeReferansTipler.csproj", "{E636F698-0D89-4DF1-8FAA-9433315EABA6}"
EndProject
Project("{9A19103F-16F7-4668-BE54-9A1E7A4F7556}") = "OOP1", "OOP1\OOP1.csproj", "{0FB0A1D1-E955-487B-906F-42ADD10B274D}"
EndProject
Project("{9A19103F-16F7-4668-BE54-9A1E7A4F7556}") = "Koleksiyonlar", "Koleksiyonlar\Koleksiyonlar.csproj", "{7BC9B648-C8C0-4EA3-B16F-BC438B568AD0}"
EndProject
Project("{9A19103F-16F7-4668-BE54-9A1E7A4F7556}") = "GenericsIntro", "GenericsIntro\GenericsIntro.csproj", "{FCF81A33-7CDD-44FC-A86F-F5AE4790601E}"
EndProject
Project("{FAE04EC0-301F-11D3-BF4B-00C04F79EFBC}") = "OOP2", "OOP2\OOP2.csproj", "{11495F39-AB22-42C5-A632-075A9CB68DC2}"
EndProject
Project("{FAE04EC0-301F-11D3-BF4B-00C04F79EFBC}") = "OOP3", "OOP3\OOP3.csproj", "{77E8B84D-7E20-4900-9B3A-35846658F870}"
EndProject
Global
	GlobalSection(SolutionConfigurationPlatforms) = preSolution
		Debug|Any CPU = Debug|Any CPU
		Release|Any CPU = Release|Any CPU
	EndGlobalSection
	GlobalSection(ProjectConfigurationPlatforms) = postSolution
		{5BAD97E3-6A96-4AE9-A3DD-D922F9572E92}.Debug|Any CPU.ActiveCfg = Debug|Any CPU
		{5BAD97E3-6A96-4AE9-A3DD-D922F9572E92}.Debug|Any CPU.Build.0 = Debug|Any CPU
		{5BAD97E3-6A96-4AE9-A3DD-D922F9572E92}.Release|Any CPU.ActiveCfg = Release|Any CPU
		{5BAD97E3-6A96-4AE9-A3DD-D922F9572E92}.Release|Any CPU.Build.0 = Release|Any CPU
		{31D8DEEA-3A10-4D61-96C6-F49CDB2CEC8A}.Debug|Any CPU.ActiveCfg = Debug|Any CPU
		{31D8DEEA-3A10-4D61-96C6-F49CDB2CEC8A}.Debug|Any CPU.Build.0 = Debug|Any CPU
		{31D8DEEA-3A10-4D61-96C6-F49CDB2CEC8A}.Release|Any CPU.ActiveCfg = Release|Any CPU
		{31D8DEEA-3A10-4D61-96C6-F49CDB2CEC8A}.Release|Any CPU.Build.0 = Release|Any CPU
		{A0E1AE16-A23F-42FA-BD91-30A44A55EC1F}.Debug|Any CPU.ActiveCfg = Debug|Any CPU
		{A0E1AE16-A23F-42FA-BD91-30A44A55EC1F}.Debug|Any CPU.Build.0 = Debug|Any CPU
		{A0E1AE16-A23F-42FA-BD91-30A44A55EC1F}.Release|Any CPU.ActiveCfg = Release|Any CPU
		{A0E1AE16-A23F-42FA-BD91-30A44A55EC1F}.Release|Any CPU.Build.0 = Release|Any CPU
		{778257E4-7643-4B5B-A613-E67584CC24B8}.Debug|Any CPU.ActiveCfg = Debug|Any CPU
		{778257E4-7643-4B5B-A613-E67584CC24B8}.Debug|Any CPU.Build.0 = Debug|Any CPU
		{778257E4-7643-4B5B-A613-E67584CC24B8}.Release|Any CPU.ActiveCfg = Release|Any CPU
		{778257E4-7643-4B5B-A613-E67584CC24B8}.Release|Any CPU.Build.0 = Release|Any CPU
		{415F5E3E-AA00-49BA-8BF1-CCF91FFFD55B}.Debug|Any CPU.ActiveCfg = Debug|Any CPU
		{415F5E3E-AA00-49BA-8BF1-CCF91FFFD55B}.Debug|Any CPU.Build.0 = Debug|Any CPU
		{415F5E3E-AA00-49BA-8BF1-CCF91FFFD55B}.Release|Any CPU.ActiveCfg = Release|Any CPU
		{415F5E3E-AA00-49BA-8BF1-CCF91FFFD55B}.Release|Any CPU.Build.0 = Release|Any CPU
		{E636F698-0D89-4DF1-8FAA-9433315EABA6}.Debug|Any CPU.ActiveCfg = Debug|Any CPU
		{E636F698-0D89-4DF1-8FAA-9433315EABA6}.Debug|Any CPU.Build.0 = Debug|Any CPU
		{E636F698-0D89-4DF1-8FAA-9433315EABA6}.Release|Any CPU.ActiveCfg = Release|Any CPU
		{E636F698-0D89-4DF1-8FAA-9433315EABA6}.Release|Any CPU.Build.0 = Release|Any CPU
		{0FB0A1D1-E955-487B-906F-42ADD10B274D}.Debug|Any CPU.ActiveCfg = Debug|Any CPU
		{0FB0A1D1-E955-487B-906F-42ADD10B274D}.Debug|Any CPU.Build.0 = Debug|Any CPU
		{0FB0A1D1-E955-487B-906F-42ADD10B274D}.Release|Any CPU.ActiveCfg = Release|Any CPU
		{0FB0A1D1-E955-487B-906F-42ADD10B274D}.Release|Any CPU.Build.0 = Release|Any CPU
		{7BC9B648-C8C0-4EA3-B16F-BC438B568AD0}.Debug|Any CPU.ActiveCfg = Debug|Any CPU
		{7BC9B648-C8C0-4EA3-B16F-BC438B568AD0}.Debug|Any CPU.Build.0 = Debug|Any CPU
		{7BC9B648-C8C0-4EA3-B16F-BC438B568AD0}.Release|Any CPU.ActiveCfg = Release|Any CPU
		{7BC9B648-C8C0-4EA3-B16F-BC438B568AD0}.Release|Any CPU.Build.0 = Release|Any CPU
		{FCF81A33-7CDD-44FC-A86F-F5AE4790601E}.Debug|Any CPU.ActiveCfg = Debug|Any CPU
		{FCF81A33-7CDD-44FC-A86F-F5AE4790601E}.Debug|Any CPU.Build.0 = Debug|Any CPU
		{FCF81A33-7CDD-44FC-A86F-F5AE4790601E}.Release|Any CPU.ActiveCfg = Release|Any CPU
		{FCF81A33-7CDD-44FC-A86F-F5AE4790601E}.Release|Any CPU.Build.0 = Release|Any CPU
		{11495F39-AB22-42C5-A632-075A9CB68DC2}.Debug|Any CPU.ActiveCfg = Debug|Any CPU
		{11495F39-AB22-42C5-A632-075A9CB68DC2}.Debug|Any CPU.Build.0 = Debug|Any CPU
		{11495F39-AB22-42C5-A632-075A9CB68DC2}.Release|Any CPU.ActiveCfg = Release|Any CPU
		{11495F39-AB22-42C5-A632-075A9CB68DC2}.Release|Any CPU.Build.0 = Release|Any CPU
		{77E8B84D-7E20-4900-9B3A-35846658F870}.Debug|Any CPU.ActiveCfg = Debug|Any CPU
		{77E8B84D-7E20-4900-9B3A-35846658F870}.Debug|Any CPU.Build.0 = Debug|Any CPU
		{77E8B84D-7E20-4900-9B3A-35846658F870}.Release|Any CPU.ActiveCfg = Release|Any CPU
		{77E8B84D-7E20-4900-9B3A-35846658F870}.Release|Any CPU.Build.0 = Release|Any CPU
	EndGlobalSection
	GlobalSection(SolutionProperties) = preSolution
		HideSolutionNode = FALSE
	EndGlobalSection
	GlobalSection(ExtensibilityGlobals) = postSolution
		SolutionGuid = {0D4369A0-1FE1-4A97-BC33-A2A16DD8501A}
	EndGlobalSection
EndGlobal
